{
  "name": "my-module-playground",
  "lockfileVersion": 3,
  "requires": true,
  "packages": {
    "": {
      "name": "my-module-playground",
      "devDependencies": {
        "uikit": "^3.16.16"
      }
    },
    "node_modules/uikit": {
      "version": "3.16.16",
      "resolved": "https://registry.npmjs.org/uikit/-/uikit-3.16.16.tgz",
      "integrity": "sha512-UHUBZ9hK8iJ9gHLLz1RE8Fr1eooUpkNOP/oC01roJb6BsKGgilcBYw7Qle3To4flhXubVqE/ksyOTrrnOa9o/A==",
      "dev": true
    }
  }
}
